
Microsoft Visual Studio Solution File, Format Version 12.00
# Visual Studio 2012
Project("{FAE04EC0-301F-11D3-BF4B-00C04F79EFBC}") = "Assembler", "Assembler\Assembler.csproj", "{BFF5DB52-9DAF-41B6-95B4-3F9DA4012D79}"
EndProject
Global
	GlobalSection(SolutionConfigurationPlatforms) = preSolution
		Debug|Any CPU = Debug|Any CPU
		Release|Any CPU = Release|Any CPU
	EndGlobalSection
	GlobalSection(ProjectConfigurationPlatforms) = postSolution
		{BFF5DB52-9DAF-41B6-95B4-3F9DA4012D79}.Debug|Any CPU.ActiveCfg = Debug|Any CPU
		{BFF5DB52-9DAF-41B6-95B4-3F9DA4012D79}.Debug|Any CPU.Build.0 = Debug|Any CPU
		{BFF5DB52-9DAF-41B6-95B4-3F9DA4012D79}.Release|Any CPU.ActiveCfg = Release|Any CPU
		{BFF5DB52-9DAF-41B6-95B4-3F9DA4012D79}.Release|Any CPU.Build.0 = Release|Any CPU
	EndGlobalSection
	GlobalSection(SolutionProperties) = preSolution
		HideSolutionNode = FALSE
	EndGlobalSection
EndGlobal
